PODS:
  - boost (1.76.0)
  - CocoaAsyncSocket (7.6.5)
  - DoubleConversion (1.1.6)
  - FBLazyVector (0.66.3)
  - FBReactNativeSpec (0.66.3):
    - RCT-Folly (= 2021.06.28.00-v2)
    - RCTRequired (= 0.66.3)
    - RCTTypeSafety (= 0.66.3)
    - React-Core (= 0.66.3)
    - React-jsi (= 0.66.3)
    - ReactCommon/turbomodule/core (= 0.66.3)
  - Flipper (0.99.0):
    - Flipper-Folly (~> 2.6)
    - Flipper-RSocket (~> 1.4)
  - Flipper-Boost-iOSX (1.76.0.1.11)
  - Flipper-DoubleConversion (3.1.7)
  - Flipper-Fmt (7.1.7)
  - Flipper-Folly (2.6.7):
    - Flipper-Boost-iOSX
    - Flipper-DoubleConversion
    - Flipper-Fmt (= 7.1.7)
    - Flipper-Glog
    - libevent (~> 2.1.12)
    - OpenSSL-Universal (= 1.1.180)
  - Flipper-Glog (0.3.6)
  - Flipper-PeerTalk (0.0.4)
  - Flipper-RSocket (1.4.3):
    - Flipper-Folly (~> 2.6)
  - FlipperKit (0.99.0):
    - FlipperKit/Core (= 0.99.0)
  - FlipperKit/Core (0.99.0):
    - Flipper (~> 0.99.0)
    - FlipperKit/CppBridge
    - FlipperKit/FBCxxFollyDynamicConvert
    - FlipperKit/FBDefines
    - FlipperKit/FKPortForwarding
  - FlipperKit/CppBridge (0.99.0):
    - Flipper (~> 0.99.0)
  - FlipperKit/FBCxxFollyDynamicConvert (0.99.0):
    - Flipper-Folly (~> 2.6)
  - FlipperKit/FBDefines (0.99.0)
  - FlipperKit/FKPortForwarding (0.99.0):
    - CocoaAsyncSocket (~> 7.6)
    - Flipper-PeerTalk (~> 0.0.4)
  - FlipperKit/FlipperKitHighlightOverlay (0.99.0)
  - FlipperKit/FlipperKitLayoutHelpers (0.99.0):
    - FlipperKit/Core
    - FlipperKit/FlipperKitHighlightOverlay
    - FlipperKit/FlipperKitLayoutTextSearchable
  - FlipperKit/FlipperKitLayoutIOSDescriptors (0.99.0):
    - FlipperKit/Core
    - FlipperKit/FlipperKitHighlightOverlay
    - FlipperKit/FlipperKitLayoutHelpers
    - YogaKit (~> 1.18)
  - FlipperKit/FlipperKitLayoutPlugin (0.99.0):
    - FlipperKit/Core
    - FlipperKit/FlipperKitHighlightOverlay
    - FlipperKit/FlipperKitLayoutHelpers
    - FlipperKit/FlipperKitLayoutIOSDescriptors
    - FlipperKit/FlipperKitLayoutTextSearchable
    - YogaKit (~> 1.18)
  - FlipperKit/FlipperKitLayoutTextSearchable (0.99.0)
  - FlipperKit/FlipperKitNetworkPlugin (0.99.0):
    - FlipperKit/Core
  - FlipperKit/FlipperKitReactPlugin (0.99.0):
    - FlipperKit/Core
  - FlipperKit/FlipperKitUserDefaultsPlugin (0.99.0):
    - FlipperKit/Core
  - FlipperKit/SKIOSNetworkPlugin (0.99.0):
    - FlipperKit/Core
    - FlipperKit/FlipperKitNetworkPlugin
  - fmt (6.2.1)
  - glog (0.3.5)
  - hermes-engine (0.9.0)
  - libevent (2.1.12)
  - OpenSSL-Universal (1.1.180)
  - RCT-Folly (2021.06.28.00-v2):
    - boost
    - DoubleConversion
    - fmt (~> 6.2.1)
    - glog
    - RCT-Folly/Default (= 2021.06.28.00-v2)
  - RCT-Folly/Default (2021.06.28.00-v2):
    - boost
    - DoubleConversion
    - fmt (~> 6.2.1)
    - glog
  - RCT-Folly/Futures (2021.06.28.00-v2):
    - boost
    - DoubleConversion
    - fmt (~> 6.2.1)
    - glog
    - libevent
  - RCTRequired (0.66.3)
  - RCTTypeSafety (0.66.3):
    - FBLazyVector (= 0.66.3)
    - RCT-Folly (= 2021.06.28.00-v2)
    - RCTRequired (= 0.66.3)
    - React-Core (= 0.66.3)
  - React (0.66.3):
    - React-Core (= 0.66.3)
    - React-Core/DevSupport (= 0.66.3)
    - React-Core/RCTWebSocket (= 0.66.3)
    - React-RCTActionSheet (= 0.66.3)
    - React-RCTAnimation (= 0.66.3)
    - React-RCTBlob (= 0.66.3)
    - React-RCTImage (= 0.66.3)
    - React-RCTLinking (= 0.66.3)
    - React-RCTNetwork (= 0.66.3)
    - React-RCTSettings (= 0.66.3)
    - React-RCTText (= 0.66.3)
    - React-RCTVibration (= 0.66.3)
  - React-callinvoker (0.66.3)
  - React-Core (0.66.3):
    - glog
    - RCT-Folly (= 2021.06.28.00-v2)
    - React-Core/Default (= 0.66.3)
    - React-cxxreact (= 0.66.3)
    - React-jsi (= 0.66.3)
    - React-jsiexecutor (= 0.66.3)
    - React-perflogger (= 0.66.3)
    - Yoga
  - React-Core/CoreModulesHeaders (0.66.3):
    - glog
    - RCT-Folly (= 2021.06.28.00-v2)
    - React-Core/Default
    - React-cxxreact (= 0.66.3)
    - React-jsi (= 0.66.3)
    - React-jsiexecutor (= 0.66.3)
    - React-perflogger (= 0.66.3)
    - Yoga
  - React-Core/Default (0.66.3):
    - glog
    - RCT-Folly (= 2021.06.28.00-v2)
    - React-cxxreact (= 0.66.3)
    - React-jsi (= 0.66.3)
    - React-jsiexecutor (= 0.66.3)
    - React-perflogger (= 0.66.3)
    - Yoga
  - React-Core/DevSupport (0.66.3):
    - glog
    - RCT-Folly (= 2021.06.28.00-v2)
    - React-Core/Default (= 0.66.3)
    - React-Core/RCTWebSocket (= 0.66.3)
    - React-cxxreact (= 0.66.3)
    - React-jsi (= 0.66.3)
    - React-jsiexecutor (= 0.66.3)
    - React-jsinspector (= 0.66.3)
    - React-perflogger (= 0.66.3)
    - Yoga
  - React-Core/RCTActionSheetHeaders (0.66.3):
    - glog
    - RCT-Folly (= 2021.06.28.00-v2)
    - React-Core/Default
    - React-cxxreact (= 0.66.3)
    - React-jsi (= 0.66.3)
    - React-jsiexecutor (= 0.66.3)
    - React-perflogger (= 0.66.3)
    - Yoga
  - React-Core/RCTAnimationHeaders (0.66.3):
    - glog
    - RCT-Folly (= 2021.06.28.00-v2)
    - React-Core/Default
    - React-cxxreact (= 0.66.3)
    - React-jsi (= 0.66.3)
    - React-jsiexecutor (= 0.66.3)
    - React-perflogger (= 0.66.3)
    - Yoga
  - React-Core/RCTBlobHeaders (0.66.3):
    - glog
    - RCT-Folly (= 2021.06.28.00-v2)
    - React-Core/Default
    - React-cxxreact (= 0.66.3)
    - React-jsi (= 0.66.3)
    - React-jsiexecutor (= 0.66.3)
    - React-perflogger (= 0.66.3)
    - Yoga
  - React-Core/RCTImageHeaders (0.66.3):
    - glog
    - RCT-Folly (= 2021.06.28.00-v2)
    - React-Core/Default
    - React-cxxreact (= 0.66.3)
    - React-jsi (= 0.66.3)
    - React-jsiexecutor (= 0.66.3)
    - React-perflogger (= 0.66.3)
    - Yoga
  - React-Core/RCTLinkingHeaders (0.66.3):
    - glog
    - RCT-Folly (= 2021.06.28.00-v2)
    - React-Core/Default
    - React-cxxreact (= 0.66.3)
    - React-jsi (= 0.66.3)
    - React-jsiexecutor (= 0.66.3)
    - React-perflogger (= 0.66.3)
    - Yoga
  - React-Core/RCTNetworkHeaders (0.66.3):
    - glog
    - RCT-Folly (= 2021.06.28.00-v2)
    - React-Core/Default
    - React-cxxreact (= 0.66.3)
    - React-jsi (= 0.66.3)
    - React-jsiexecutor (= 0.66.3)
    - React-perflogger (= 0.66.3)
    - Yoga
  - React-Core/RCTSettingsHeaders (0.66.3):
    - glog
    - RCT-Folly (= 2021.06.28.00-v2)
    - React-Core/Default
    - React-cxxreact (= 0.66.3)
    - React-jsi (= 0.66.3)
    - React-jsiexecutor (= 0.66.3)
    - React-perflogger (= 0.66.3)
    - Yoga
  - React-Core/RCTTextHeaders (0.66.3):
    - glog
    - RCT-Folly (= 2021.06.28.00-v2)
    - React-Core/Default
    - React-cxxreact (= 0.66.3)
    - React-jsi (= 0.66.3)
    - React-jsiexecutor (= 0.66.3)
    - React-perflogger (= 0.66.3)
    - Yoga
  - React-Core/RCTVibrationHeaders (0.66.3):
    - glog
    - RCT-Folly (= 2021.06.28.00-v2)
    - React-Core/Default
    - React-cxxreact (= 0.66.3)
    - React-jsi (= 0.66.3)
    - React-jsiexecutor (= 0.66.3)
    - React-perflogger (= 0.66.3)
    - Yoga
  - React-Core/RCTWebSocket (0.66.3):
    - glog
    - RCT-Folly (= 2021.06.28.00-v2)
    - React-Core/Default (= 0.66.3)
    - React-cxxreact (= 0.66.3)
    - React-jsi (= 0.66.3)
    - React-jsiexecutor (= 0.66.3)
    - React-perflogger (= 0.66.3)
    - Yoga
  - React-CoreModules (0.66.3):
    - FBReactNativeSpec (= 0.66.3)
    - RCT-Folly (= 2021.06.28.00-v2)
    - RCTTypeSafety (= 0.66.3)
    - React-Core/CoreModulesHeaders (= 0.66.3)
    - React-jsi (= 0.66.3)
    - React-RCTImage (= 0.66.3)
    - ReactCommon/turbomodule/core (= 0.66.3)
  - React-cxxreact (0.66.3):
    - boost (= 1.76.0)
    - DoubleConversion
    - glog
    - RCT-Folly (= 2021.06.28.00-v2)
    - React-callinvoker (= 0.66.3)
    - React-jsi (= 0.66.3)
    - React-jsinspector (= 0.66.3)
    - React-logger (= 0.66.3)
    - React-perflogger (= 0.66.3)
    - React-runtimeexecutor (= 0.66.3)
  - React-hermes (0.66.3):
    - DoubleConversion
    - glog
    - hermes-engine
    - RCT-Folly (= 2021.06.28.00-v2)
    - RCT-Folly/Futures (= 2021.06.28.00-v2)
    - React-cxxreact (= 0.66.3)
    - React-jsi (= 0.66.3)
    - React-jsiexecutor (= 0.66.3)
    - React-jsinspector (= 0.66.3)
    - React-perflogger (= 0.66.3)
  - React-jsi (0.66.3):
    - boost (= 1.76.0)
    - DoubleConversion
    - glog
    - RCT-Folly (= 2021.06.28.00-v2)
    - React-jsi/Default (= 0.66.3)
  - React-jsi/Default (0.66.3):
    - boost (= 1.76.0)
    - DoubleConversion
    - glog
    - RCT-Folly (= 2021.06.28.00-v2)
  - React-jsiexecutor (0.66.3):
    - DoubleConversion
    - glog
    - RCT-Folly (= 2021.06.28.00-v2)
    - React-cxxreact (= 0.66.3)
    - React-jsi (= 0.66.3)
    - React-perflogger (= 0.66.3)
  - React-jsinspector (0.66.3)
  - React-logger (0.66.3):
    - glog
  - react-native-blur (0.8.0):
    - React
  - react-native-maps (0.30.1):
    - React-Core
  - react-native-pager-view (5.4.9):
    - React-Core
  - react-native-safe-area-context (3.3.2):
    - React-Core
  - React-perflogger (0.66.3)
  - React-RCTActionSheet (0.66.3):
    - React-Core/RCTActionSheetHeaders (= 0.66.3)
  - React-RCTAnimation (0.66.3):
    - FBReactNativeSpec (= 0.66.3)
    - RCT-Folly (= 2021.06.28.00-v2)
    - RCTTypeSafety (= 0.66.3)
    - React-Core/RCTAnimationHeaders (= 0.66.3)
    - React-jsi (= 0.66.3)
    - ReactCommon/turbomodule/core (= 0.66.3)
  - React-RCTBlob (0.66.3):
    - FBReactNativeSpec (= 0.66.3)
    - RCT-Folly (= 2021.06.28.00-v2)
    - React-Core/RCTBlobHeaders (= 0.66.3)
    - React-Core/RCTWebSocket (= 0.66.3)
    - React-jsi (= 0.66.3)
    - React-RCTNetwork (= 0.66.3)
    - ReactCommon/turbomodule/core (= 0.66.3)
  - React-RCTImage (0.66.3):
    - FBReactNativeSpec (= 0.66.3)
    - RCT-Folly (= 2021.06.28.00-v2)
    - RCTTypeSafety (= 0.66.3)
    - React-Core/RCTImageHeaders (= 0.66.3)
    - React-jsi (= 0.66.3)
    - React-RCTNetwork (= 0.66.3)
    - ReactCommon/turbomodule/core (= 0.66.3)
  - React-RCTLinking (0.66.3):
    - FBReactNativeSpec (= 0.66.3)
    - React-Core/RCTLinkingHeaders (= 0.66.3)
    - React-jsi (= 0.66.3)
    - ReactCommon/turbomodule/core (= 0.66.3)
  - React-RCTNetwork (0.66.3):
    - FBReactNativeSpec (= 0.66.3)
    - RCT-Folly (= 2021.06.28.00-v2)
    - RCTTypeSafety (= 0.66.3)
    - React-Core/RCTNetworkHeaders (= 0.66.3)
    - React-jsi (= 0.66.3)
    - ReactCommon/turbomodule/core (= 0.66.3)
  - React-RCTSettings (0.66.3):
    - FBReactNativeSpec (= 0.66.3)
    - RCT-Folly (= 2021.06.28.00-v2)
    - RCTTypeSafety (= 0.66.3)
    - React-Core/RCTSettingsHeaders (= 0.66.3)
    - React-jsi (= 0.66.3)
    - ReactCommon/turbomodule/core (= 0.66.3)
  - React-RCTText (0.66.3):
    - React-Core/RCTTextHeaders (= 0.66.3)
  - React-RCTVibration (0.66.3):
    - FBReactNativeSpec (= 0.66.3)
    - RCT-Folly (= 2021.06.28.00-v2)
    - React-Core/RCTVibrationHeaders (= 0.66.3)
    - React-jsi (= 0.66.3)
    - ReactCommon/turbomodule/core (= 0.66.3)
  - React-runtimeexecutor (0.66.3):
    - React-jsi (= 0.66.3)
  - ReactCommon/turbomodule/core (0.66.3):
    - DoubleConversion
    - glog
    - RCT-Folly (= 2021.06.28.00-v2)
    - React-callinvoker (= 0.66.3)
    - React-Core (= 0.66.3)
    - React-cxxreact (= 0.66.3)
    - React-jsi (= 0.66.3)
    - React-logger (= 0.66.3)
    - React-perflogger (= 0.66.3)
  - RNCMaskedView (0.1.11):
    - React
  - RNGestureHandler (2.1.0):
    - React-Core
  - RNReanimated (2.3.1):
    - DoubleConversion
    - FBLazyVector
    - FBReactNativeSpec
    - glog
    - RCT-Folly
    - RCTRequired
    - RCTTypeSafety
    - React
    - React-callinvoker
    - React-Core
    - React-Core/DevSupport
    - React-Core/RCTWebSocket
    - React-CoreModules
    - React-cxxreact
    - React-jsi
    - React-jsiexecutor
    - React-jsinspector
    - React-RCTActionSheet
    - React-RCTAnimation
    - React-RCTBlob
    - React-RCTImage
    - React-RCTLinking
    - React-RCTNetwork
    - React-RCTSettings
    - React-RCTText
    - ReactCommon/turbomodule/core
    - Yoga
  - RNScreens (3.10.1):
    - React-Core
    - React-RCTImage
  - Yoga (1.14.0)
  - YogaKit (1.18.1):
    - Yoga (~> 1.14)

DEPENDENCIES:
  - boost (from `../node_modules/react-native/third-party-podspecs/boost.podspec`)
  - DoubleConversion (from `../node_modules/react-native/third-party-podspecs/DoubleConversion.podspec`)
  - FBLazyVector (from `../node_modules/react-native/Libraries/FBLazyVector`)
  - FBReactNativeSpec (from `../node_modules/react-native/React/FBReactNativeSpec`)
  - Flipper (= 0.99.0)
  - Flipper-Boost-iOSX (= 1.76.0.1.11)
  - Flipper-DoubleConversion (= 3.1.7)
  - Flipper-Fmt (= 7.1.7)
  - Flipper-Folly (= 2.6.7)
  - Flipper-Glog (= 0.3.6)
  - Flipper-PeerTalk (= 0.0.4)
  - Flipper-RSocket (= 1.4.3)
  - FlipperKit (= 0.99.0)
  - FlipperKit/Core (= 0.99.0)
  - FlipperKit/CppBridge (= 0.99.0)
  - FlipperKit/FBCxxFollyDynamicConvert (= 0.99.0)
  - FlipperKit/FBDefines (= 0.99.0)
  - FlipperKit/FKPortForwarding (= 0.99.0)
  - FlipperKit/FlipperKitHighlightOverlay (= 0.99.0)
  - FlipperKit/FlipperKitLayoutPlugin (= 0.99.0)
  - FlipperKit/FlipperKitLayoutTextSearchable (= 0.99.0)
  - FlipperKit/FlipperKitNetworkPlugin (= 0.99.0)
  - FlipperKit/FlipperKitReactPlugin (= 0.99.0)
  - FlipperKit/FlipperKitUserDefaultsPlugin (= 0.99.0)
  - FlipperKit/SKIOSNetworkPlugin (= 0.99.0)
  - glog (from `../node_modules/react-native/third-party-podspecs/glog.podspec`)
  - hermes-engine (~> 0.9.0)
  - libevent (~> 2.1.12)
  - RCT-Folly (from `../node_modules/react-native/third-party-podspecs/RCT-Folly.podspec`)
  - RCTRequired (from `../node_modules/react-native/Libraries/RCTRequired`)
  - RCTTypeSafety (from `../node_modules/react-native/Libraries/TypeSafety`)
  - React (from `../node_modules/react-native/`)
  - React-callinvoker (from `../node_modules/react-native/ReactCommon/callinvoker`)
  - React-Core (from `../node_modules/react-native/`)
  - React-Core/DevSupport (from `../node_modules/react-native/`)
  - React-Core/RCTWebSocket (from `../node_modules/react-native/`)
  - React-CoreModules (from `../node_modules/react-native/React/CoreModules`)
  - React-cxxreact (from `../node_modules/react-native/ReactCommon/cxxreact`)
  - React-hermes (from `../node_modules/react-native/ReactCommon/hermes`)
  - React-jsi (from `../node_modules/react-native/ReactCommon/jsi`)
  - React-jsiexecutor (from `../node_modules/react-native/ReactCommon/jsiexecutor`)
  - React-jsinspector (from `../node_modules/react-native/ReactCommon/jsinspector`)
  - React-logger (from `../node_modules/react-native/ReactCommon/logger`)
  - "react-native-blur (from `../node_modules/@react-native-community/blur`)"
  - react-native-maps (from `../node_modules/react-native-maps`)
  - react-native-pager-view (from `../node_modules/react-native-pager-view`)
  - react-native-safe-area-context (from `../node_modules/react-native-safe-area-context`)
  - React-perflogger (from `../node_modules/react-native/ReactCommon/reactperflogger`)
  - React-RCTActionSheet (from `../node_modules/react-native/Libraries/ActionSheetIOS`)
  - React-RCTAnimation (from `../node_modules/react-native/Libraries/NativeAnimation`)
  - React-RCTBlob (from `../node_modules/react-native/Libraries/Blob`)
  - React-RCTImage (from `../node_modules/react-native/Libraries/Image`)
  - React-RCTLinking (from `../node_modules/react-native/Libraries/LinkingIOS`)
  - React-RCTNetwork (from `../node_modules/react-native/Libraries/Network`)
  - React-RCTSettings (from `../node_modules/react-native/Libraries/Settings`)
  - React-RCTText (from `../node_modules/react-native/Libraries/Text`)
  - React-RCTVibration (from `../node_modules/react-native/Libraries/Vibration`)
  - React-runtimeexecutor (from `../node_modules/react-native/ReactCommon/runtimeexecutor`)
  - ReactCommon/turbomodule/core (from `../node_modules/react-native/ReactCommon`)
  - "RNCMaskedView (from `../node_modules/@react-native-community/masked-view`)"
  - RNGestureHandler (from `../node_modules/react-native-gesture-handler`)
  - RNReanimated (from `../node_modules/react-native-reanimated`)
  - RNScreens (from `../node_modules/react-native-screens`)
  - Yoga (from `../node_modules/react-native/ReactCommon/yoga`)

SPEC REPOS:
  trunk:
    - CocoaAsyncSocket
    - Flipper
    - Flipper-Boost-iOSX
    - Flipper-DoubleConversion
    - Flipper-Fmt
    - Flipper-Folly
    - Flipper-Glog
    - Flipper-PeerTalk
    - Flipper-RSocket
    - FlipperKit
    - fmt
    - hermes-engine
    - libevent
    - OpenSSL-Universal
    - YogaKit

EXTERNAL SOURCES:
  boost:
    :podspec: "../node_modules/react-native/third-party-podspecs/boost.podspec"
  DoubleConversion:
    :podspec: "../node_modules/react-native/third-party-podspecs/DoubleConversion.podspec"
  FBLazyVector:
    :path: "../node_modules/react-native/Libraries/FBLazyVector"
  FBReactNativeSpec:
    :path: "../node_modules/react-native/React/FBReactNativeSpec"
  glog:
    :podspec: "../node_modules/react-native/third-party-podspecs/glog.podspec"
  RCT-Folly:
    :podspec: "../node_modules/react-native/third-party-podspecs/RCT-Folly.podspec"
  RCTRequired:
    :path: "../node_modules/react-native/Libraries/RCTRequired"
  RCTTypeSafety:
    :path: "../node_modules/react-native/Libraries/TypeSafety"
  React:
    :path: "../node_modules/react-native/"
  React-callinvoker:
    :path: "../node_modules/react-native/ReactCommon/callinvoker"
  React-Core:
    :path: "../node_modules/react-native/"
  React-CoreModules:
    :path: "../node_modules/react-native/React/CoreModules"
  React-cxxreact:
    :path: "../node_modules/react-native/ReactCommon/cxxreact"
  React-hermes:
    :path: "../node_modules/react-native/ReactCommon/hermes"
  React-jsi:
    :path: "../node_modules/react-native/ReactCommon/jsi"
  React-jsiexecutor:
    :path: "../node_modules/react-native/ReactCommon/jsiexecutor"
  React-jsinspector:
    :path: "../node_modules/react-native/ReactCommon/jsinspector"
  React-logger:
    :path: "../node_modules/react-native/ReactCommon/logger"
  react-native-blur:
    :path: "../node_modules/@react-native-community/blur"
  react-native-maps:
    :path: "../node_modules/react-native-maps"
  react-native-pager-view:
    :path: "../node_modules/react-native-pager-view"
  react-native-safe-area-context:
    :path: "../node_modules/react-native-safe-area-context"
  React-perflogger:
    :path: "../node_modules/react-native/ReactCommon/reactperflogger"
  React-RCTActionSheet:
    :path: "../node_modules/react-native/Libraries/ActionSheetIOS"
  React-RCTAnimation:
    :path: "../node_modules/react-native/Libraries/NativeAnimation"
  React-RCTBlob:
    :path: "../node_modules/react-native/Libraries/Blob"
  React-RCTImage:
    :path: "../node_modules/react-native/Libraries/Image"
  React-RCTLinking:
    :path: "../node_modules/react-native/Libraries/LinkingIOS"
  React-RCTNetwork:
    :path: "../node_modules/react-native/Libraries/Network"
  React-RCTSettings:
    :path: "../node_modules/react-native/Libraries/Settings"
  React-RCTText:
    :path: "../node_modules/react-native/Libraries/Text"
  React-RCTVibration:
    :path: "../node_modules/react-native/Libraries/Vibration"
  React-runtimeexecutor:
    :path: "../node_modules/react-native/ReactCommon/runtimeexecutor"
  ReactCommon:
    :path: "../node_modules/react-native/ReactCommon"
  RNCMaskedView:
    :path: "../node_modules/@react-native-community/masked-view"
  RNGestureHandler:
    :path: "../node_modules/react-native-gesture-handler"
  RNReanimated:
    :path: "../node_modules/react-native-reanimated"
  RNScreens:
    :path: "../node_modules/react-native-screens"
  Yoga:
    :path: "../node_modules/react-native/ReactCommon/yoga"

SPEC CHECKSUMS:
  boost: a7c83b31436843459a1961bfd74b96033dc77234
  CocoaAsyncSocket: 065fd1e645c7abab64f7a6a2007a48038fdc6a99
  DoubleConversion: 831926d9b8bf8166fd87886c4abab286c2422662
  FBLazyVector: de148e8310b8b878db304ceea2fec13f2c02e3a0
  FBReactNativeSpec: 6192956c9e346013d5f1809ba049af720b11c6a4
  Flipper: 30e8eeeed6abdc98edaf32af0cda2f198be4b733
  Flipper-Boost-iOSX: fd1e2b8cbef7e662a122412d7ac5f5bea715403c
  Flipper-DoubleConversion: 57ffbe81ef95306cc9e69c4aa3aeeeeb58a6a28c
  Flipper-Fmt: 60cbdd92fc254826e61d669a5d87ef7015396a9b
  Flipper-Folly: 83af37379faa69497529e414bd43fbfc7cae259a
  Flipper-Glog: 1dfd6abf1e922806c52ceb8701a3599a79a200a6
  Flipper-PeerTalk: 116d8f857dc6ef55c7a5a75ea3ceaafe878aadc9
  Flipper-RSocket: d9d9ade67cbecf6ac10730304bf5607266dd2541
  FlipperKit: d8d346844eca5d9120c17d441a2f38596e8ed2b9
  fmt: ff9d55029c625d3757ed641535fd4a75fedc7ce9
  glog: 5337263514dd6f09803962437687240c5dc39aa4
  hermes-engine: bf7577d12ac6ccf53ab8b5af3c6ccf0dd8458c5c
  libevent: 4049cae6c81cdb3654a443be001fb9bdceff7913
  OpenSSL-Universal: 1aa4f6a6ee7256b83db99ec1ccdaa80d10f9af9b
  RCT-Folly: a21c126816d8025b547704b777a2ba552f3d9fa9
  RCTRequired: 59d2b744d8c2bf2d9bc7032a9f654809adcf7d50
  RCTTypeSafety: d0aaf7ccae5c70a4aaa3a5c3e9e0db97efae760e
  React: fbe655dd1d12c052299b61abdc576720098d80fc
  React-callinvoker: a535746608d9bc8b1dea7095ed4d8d3d7aae9a05
  React-Core: 008d2638c4f80b189c8e170ff2d241027ec517fd
  React-CoreModules: 91c9a03f4e1b74494c087d9c9a29e89a3145c228
  React-cxxreact: 9c462fb6d59f865855e2dee2097c7d87b3d2de49
  React-hermes: 79103a3907b81b7eeb394b37612b991076d27472
  React-jsi: 4de8b8d70ba4ed841eb9b772bdb719f176387e21
  React-jsiexecutor: 433a691aee158533a6a6ee9c86cb4a1684fa2853
  React-jsinspector: d9c8eb0b53f0da206fed56612b289fec84991157
  React-logger: e522e76fa3e9ec3e7d7115b49485cc065cf4ae06
  react-native-blur: cad4d93b364f91e7b7931b3fa935455487e5c33c
  react-native-maps: d752b0dd0e1951d815b1336332835aab6b4a836f
  react-native-pager-view: 3ee7d4c7697fb3ef788346e834a60cca97ed8540
  react-native-safe-area-context: 584dc04881deb49474363f3be89e4ca0e854c057
  React-perflogger: 73732888d37d4f5065198727b167846743232882
  React-RCTActionSheet: 96c6d774fa89b1f7c59fc460adc3245ba2d7fd79
  React-RCTAnimation: 8940cfd3a8640bd6f6372150dbdb83a79bcbae6c
  React-RCTBlob: e80de5fdf952a4f226a00fc54f3db526809f92f7
  React-RCTImage: f990d6b272c7e89ff864caf0bccfb620ab3ca5d0
  React-RCTLinking: 2280ed0d5ffb78954b484b90228d597b5f941c5f
  React-RCTNetwork: 1359fa853c216616e711b810dcb8682a6a8e7564
  React-RCTSettings: 84958860aaa3639f0249e751ea7702c62eb67188
  React-RCTText: 196cf06b8cb6229d8c6dd9fc9057bdf97db5d3fb
  React-RCTVibration: 50cfe7049167cfc7e83ac5542c6fff0c76791a9b
  React-runtimeexecutor: bbbdb3d8fcf327c6e2249ee71b6ef1764b7dc266
  ReactCommon: 9bac022ab71596f2b0fde1268272543184c63971
  RNCMaskedView: 0e1bc4bfa8365eba5fbbb71e07fbdc0555249489
  RNGestureHandler: e5c7cab5f214503dcefd6b2b0cefb050e1f51c4a
  RNReanimated: da3860204e5660c0dd66739936732197d359d753
  RNScreens: 522705f2e5c9d27efb17f24aceb2bf8335bc7b8e
  Yoga: 32a18c0e845e185f4a2a66ec76e1fd1f958f22fa
  YogaKit: f782866e155069a2cca2517aafea43200b01fd5a

PODFILE CHECKSUM: 3b6a8f9976694357bfafe0cfeb85a1544d4a907c

COCOAPODS: 1.11.2
